{
  "name": "progressivewebapp",
  "version": "1.0.0",
  "lockfileVersion": 1,
  "requires": true,
  "dependencies": {
    "mime": {
      "version": "2.2.2",
      "resolved": "https://registry.npmjs.org/mime/-/mime-2.2.2.tgz",
      "integrity": "sha512-A7PDg4s48MkqFEcYg2b069m3DXOEq7hx+9q9rIFrSSYfzsh35GX+LOVMQ8Au0ko7d8bSQCIAuzkjp0vCtwENlQ==",
      "dev": true
    }
  }
}
